// !$*UTF8*$!
{
	archiveVersion = 1;
	classes = {
	};
	objectVersion = 46;
	objects = {

/* Begin PBXBuildFile section */
		0BCDE24313B3E2F6008D4303 /* UIKit.framework in Frameworks */ = {isa = PBXBuildFile; fileRef = 0BCDE24213B3E2F6008D4303 /* UIKit.framework */; };
		0BCDE24513B3E2F6008D4303 /* Foundation.framework in Frameworks */ = {isa = PBXBuildFile; fileRef = 0BCDE24413B3E2F6008D4303 /* Foundation.framework */; };
		0BCDE24713B3E2F6008D4303 /* CoreGraphics.framework in Frameworks */ = {isa = PBXBuildFile; fileRef = 0BCDE24613B3E2F6008D4303 /* CoreGraphics.framework */; };
		0BCDE24D13B3E2F6008D4303 /* InfoPlist.strings in Resources */ = {isa = PBXBuildFile; fileRef = 0BCDE24B13B3E2F6008D4303 /* InfoPlist.strings */; };
		0BCDE25013B3E2F6008D4303 /* main.m in Sources */ = {isa = PBXBuildFile; fileRef = 0BCDE24F13B3E2F6008D4303 /* main.m */; };
		0BCDE25313B3E2F6008D4303 /* testrun2AppDelegate.m in Sources */ = {isa = PBXBuildFile; fileRef = 0BCDE25213B3E2F6008D4303 /* testrun2AppDelegate.m */; };
		0BCDE25613B3E2F6008D4303 /* MainWindow.xib in Resources */ = {isa = PBXBuildFile; fileRef = 0BCDE25413B3E2F6008D4303 /* MainWindow.xib */; };
		0BCDE25913B3E2F6008D4303 /* FirstViewController.m in Sources */ = {isa = PBXBuildFile; fileRef = 0BCDE25813B3E2F6008D4303 /* FirstViewController.m */; };
		0BCDE25C13B3E2F7008D4303 /* SecondViewController.m in Sources */ = {isa = PBXBuildFile; fileRef = 0BCDE25B13B3E2F7008D4303 /* SecondViewController.m */; };
		0BCDE25F13B3E2F7008D4303 /* FirstView.xib in Resources */ = {isa = PBXBuildFile; fileRef = 0BCDE25D13B3E2F7008D4303 /* FirstView.xib */; };
		0BCDE26213B3E2F7008D4303 /* SecondView.xib in Resources */ = {isa = PBXBuildFile; fileRef = 0BCDE26013B3E2F7008D4303 /* SecondView.xib */; };
/* End PBXBuildFile section */

/* Begin PBXFileReference section */
		0BCDE23E13B3E2F6008D4303 /* testrun2.app */ = {isa = PBXFileReference; explicitFileType = wrapper.application; includeInIndex = 0; path = testrun2.app; sourceTree = BUILT_PRODUCTS_DIR; };
		0BCDE24213B3E2F6008D4303 /* UIKit.framework */ = {isa = PBXFileReference; lastKnownFileType = wrapper.framework; name = UIKit.framework; path = System/Library/Frameworks/UIKit.framework; sourceTree = SDKROOT; };
		0BCDE24413B3E2F6008D4303 /* Foundation.framework */ = {isa = PBXFileReference; lastKnownFileType = wrapper.framework; name = Foundation.framework; path = System/Library/Frameworks/Foundation.framework; sourceTree = SDKROOT; };
		0BCDE24613B3E2F6008D4303 /* CoreGraphics.framework */ = {isa = PBXFileReference; lastKnownFileType = wrapper.framework; name = CoreGraphics.framework; path = System/Library/Frameworks/CoreGraphics.framework; sourceTree = SDKROOT; };
		0BCDE24A13B3E2F6008D4303 /* testrun2-Info.plist */ = {isa = PBXFileReference; path = "testrun2-Info.plist"; sourceTree = "<group>"; };
		0BCDE24C13B3E2F6008D4303 /* en */ = {isa = PBXFileReference; lastKnownFileType = text.plist.strings; name = en; path = en.lproj/InfoPlist.strings; sourceTree = "<group>"; };
		0BCDE24E13B3E2F6008D4303 /* testrun2-Prefix.pch */ = {isa = PBXFileReference; path = "testrun2-Prefix.pch"; sourceTree = "<group>"; };
		0BCDE24F13B3E2F6008D4303 /* main.m */ = {isa = PBXFileReference; lastKnownFileType = sourcecode.c.objc; path = main.m; sourceTree = "<group>"; };
		0BCDE25113B3E2F6008D4303 /* testrun2AppDelegate.h */ = {isa = PBXFileReference; path = testrun2AppDelegate.h; sourceTree = "<group>"; };
		0BCDE25213B3E2F6008D4303 /* testrun2AppDelegate.m */ = {isa = PBXFileReference; lastKnownFileType = sourcecode.c.objc; path = testrun2AppDelegate.m; sourceTree = "<group>"; };
		0BCDE25513B3E2F6008D4303 /* en */ = {isa = PBXFileReference; lastKnownFileType = file.xib; name = en; path = en.lproj/MainWindow.xib; sourceTree = "<group>"; };
		0BCDE25713B3E2F6008D4303 /* FirstViewController.h */ = {isa = PBXFileReference; path = FirstViewController.h; sourceTree = "<group>"; };
		0BCDE25813B3E2F6008D4303 /* FirstViewController.m */ = {isa = PBXFileReference; lastKnownFileType = sourcecode.c.objc; path = FirstViewController.m; sourceTree = "<group>"; };
		0BCDE25A13B3E2F6008D4303 /* SecondViewController.h */ = {isa = PBXFileReference; path = SecondViewController.h; sourceTree = "<group>"; };
		0BCDE25B13B3E2F7008D4303 /* SecondViewController.m */ = {isa = PBXFileReference; lastKnownFileType = sourcecode.c.objc; path = SecondViewController.m; sourceTree = "<group>"; };
		0BCDE25E13B3E2F7008D4303 /* en */ = {isa = PBXFileReference; lastKnownFileType = file.xib; name = en; path = en.lproj/FirstView.xib; sourceTree = "<group>"; };
		0BCDE26113B3E2F7008D4303 /* en */ = {isa = PBXFileReference; lastKnownFileType = file.xib; name = en; path = en.lproj/SecondView.xib; sourceTree = "<group>"; };
/* End PBXFileReference section */

/* Begin PBXFrameworksBuildPhase section */
		0BCDE23B13B3E2F6008D4303 /* Frameworks */ = {
			isa = PBXFrameworksBuildPhase;
			buildActionMask = 2147483647;
			files = (
				0BCDE24313B3E2F6008D4303 /* UIKit.framework in Frameworks */,
				0BCDE24513B3E2F6008D4303 /* Foundation.framework in Frameworks */,
				0BCDE24713B3E2F6008D4303 /* CoreGraphics.framework in Frameworks */,
			);
			runOnlyForDeploymentPostprocessing = 0;
		};
/* End PBXFrameworksBuildPhase section */

/* Begin PBXGroup section */
		0BCDE23313B3E2F6008D4303 = {
			isa = PBXGroup;
			children = (
				0BCDE24813B3E2F6008D4303 /* testrun2 */,
				0BCDE24113B3E2F6008D4303 /* Frameworks */,
				0BCDE23F13B3E2F6008D4303 /* Products */,
			);
			sourceTree = "<group>";
		};
		0BCDE23F13B3E2F6008D4303 /* Products */ = {
			isa = PBXGroup;
			children = (
				0BCDE23E13B3E2F6008D4303 /* testrun2.app */,
			);
			name = Products;
			sourceTree = "<group>";
		};
		0BCDE24113B3E2F6008D4303 /* Frameworks */ = {
			isa = PBXGroup;
			children = (
				0BCDE24213B3E2F6008D4303 /* UIKit.framework */,
				0BCDE24413B3E2F6008D4303 /* Foundation.framework */,
				0BCDE24613B3E2F6008D4303 /* CoreGraphics.framework */,
			);
			name = Frameworks;
			sourceTree = "<group>";
		};
		0BCDE24813B3E2F6008D4303 /* testrun2 */ = {
			isa = PBXGroup;
			children = (
				0BCDE25113B3E2F6008D4303 /* testrun2AppDelegate.h */,
				0BCDE25213B3E2F6008D4303 /* testrun2AppDelegate.m */,
				0BCDE25413B3E2F6008D4303 /* MainWindow.xib */,
				0BCDE25713B3E2F6008D4303 /* FirstViewController.h */,
				0BCDE25813B3E2F6008D4303 /* FirstViewController.m */,
				0BCDE25A13B3E2F6008D4303 /* SecondViewController.h */,
				0BCDE25B13B3E2F7008D4303 /* SecondViewController.m */,
				0BCDE25D13B3E2F7008D4303 /* FirstView.xib */,
				0BCDE26013B3E2F7008D4303 /* SecondView.xib */,
				0BCDE24913B3E2F6008D4303 /* Supporting Files */,
			);
			path = testrun2;
			sourceTree = "<group>";
		};
		0BCDE24913B3E2F6008D4303 /* Supporting Files */ = {
			isa = PBXGroup;
			children = (
				0BCDE24A13B3E2F6008D4303 /* testrun2-Info.plist */,
				0BCDE24B13B3E2F6008D4303 /* InfoPlist.strings */,
				0BCDE24E13B3E2F6008D4303 /* testrun2-Prefix.pch */,
				0BCDE24F13B3E2F6008D4303 /* main.m */,
			);
			name = "Supporting Files";
			sourceTree = "<group>";
		};
/* End PBXGroup section */

/* Begin PBXNativeTarget section */
		0BCDE23D13B3E2F6008D4303 /* testrun2 */ = {
			isa = PBXNativeTarget;
			buildConfigurationList = 0BCDE26513B3E2F7008D4303 /* Build configuration list for PBXNativeTarget "testrun2" */;
			buildPhases = (
				0BCDE23A13B3E2F6008D4303 /* Sources */,
				0BCDE23B13B3E2F6008D4303 /* Frameworks */,
				0BCDE23C13B3E2F6008D4303 /* Resources */,
			);
			buildRules = (
			);
			dependencies = (
			);
			name = testrun2;
			productName = testrun2;
			productReference = 0BCDE23E13B3E2F6008D4303 /* testrun2.app */;
			productType = "com.apple.product-type.application";
		};
/* End PBXNativeTarget section */

/* Begin PBXProject section */
		0BCDE23513B3E2F6008D4303 /* Project object */ = {
			isa = PBXProject;
			buildConfigurationList = 0BCDE23813B3E2F6008D4303 /* Build configuration list for PBXProject "testrun2" */;
			compatibilityVersion = "Xcode 3.2";
			developmentRegion = English;
			hasScannedForEncodings = 0;
			knownRegions = (
				en,
			);
			mainGroup = 0BCDE23313B3E2F6008D4303;
			productRefGroup = 0BCDE23F13B3E2F6008D4303 /* Products */;
			projectDirPath = "";
			projectRoot = "";
			targets = (
				0BCDE23D13B3E2F6008D4303 /* testrun2 */,
			);
		};
/* End PBXProject section */

/* Begin PBXResourcesBuildPhase section */
		0BCDE23C13B3E2F6008D4303 /* Resources */ = {
			isa = PBXResourcesBuildPhase;
			buildActionMask = 2147483647;
			files = (
				0BCDE24D13B3E2F6008D4303 /* InfoPlist.strings in Resources */,
				0BCDE25613B3E2F6008D4303 /* MainWindow.xib in Resources */,
				0BCDE25F13B3E2F7008D4303 /* FirstView.xib in Resources */,
				0BCDE26213B3E2F7008D4303 /* SecondView.xib in Resources */,
			);
			runOnlyForDeploymentPostprocessing = 0;
		};
/* End PBXResourcesBuildPhase section */

/* Begin PBXSourcesBuildPhase section */
		0BCDE23A13B3E2F6008D4303 /* Sources */ = {
			isa = PBXSourcesBuildPhase;
			buildActionMask = 2147483647;
			files = (
				0BCDE25013B3E2F6008D4303 /* main.m in Sources */,
				0BCDE25313B3E2F6008D4303 /* testrun2AppDelegate.m in Sources */,
				0BCDE25913B3E2F6008D4303 /* FirstViewController.m in Sources */,
				0BCDE25C13B3E2F7008D4303 /* SecondViewController.m in Sources */,
			);
			runOnlyForDeploymentPostprocessing = 0;
		};
/* End PBXSourcesBuildPhase section */

/* Begin PBXVariantGroup section */
		0BCDE24B13B3E2F6008D4303 /* InfoPlist.strings */ = {
			isa = PBXVariantGroup;
			children = (
				0BCDE24C13B3E2F6008D4303 /* en */,
			);
			name = InfoPlist.strings;
			sourceTree = "<group>";
		};
		0BCDE25413B3E2F6008D4303 /* MainWindow.xib */ = {
			isa = PBXVariantGroup;
			children = (
				0BCDE25513B3E2F6008D4303 /* en */,
			);
			name = MainWindow.xib;
			sourceTree = "<group>";
		};
		0BCDE25D13B3E2F7008D4303 /* FirstView.xib */ = {
			isa = PBXVariantGroup;
			children = (
				0BCDE25E13B3E2F7008D4303 /* en */,
			);
			name = FirstView.xib;
			sourceTree = "<group>";
		};
		0BCDE26013B3E2F7008D4303 /* SecondView.xib */ = {
			isa = PBXVariantGroup;
			children = (
				0BCDE26113B3E2F7008D4303 /* en */,
			);
			name = SecondView.xib;
			sourceTree = "<group>";
		};
/* End PBXVariantGroup section */

/* Begin XCBuildConfiguration section */
		0BCDE26313B3E2F7008D4303 /* Debug */ = {
			isa = XCBuildConfiguration;
			buildSettings = {
				ARCHS = "$(ARCHS_STANDARD_32_BIT)";
				"CODE_SIGN_IDENTITY[sdk=iphoneos*]" = "iPhone Developer";
				GCC_C_LANGUAGE_STANDARD = gnu99;
				GCC_OPTIMIZATION_LEVEL = 0;
				GCC_PREPROCESSOR_DEFINITIONS = DEBUG;
				GCC_SYMBOLS_PRIVATE_EXTERN = NO;
				GCC_VERSION = com.apple.compilers.llvmgcc42;
				GCC_WARN_ABOUT_RETURN_TYPE = YES;
				GCC_WARN_UNUSED_VARIABLE = YES;
				IPHONEOS_DEPLOYMENT_TARGET = 4.3;
				SDKROOT = iphoneos;
			};
			name = Debug;
		};
		0BCDE26413B3E2F7008D4303 /* Release */ = {
			isa = XCBuildConfiguration;
			buildSettings = {
				ARCHS = "$(ARCHS_STANDARD_32_BIT)";
				"CODE_SIGN_IDENTITY[sdk=iphoneos*]" = "iPhone Developer";
				GCC_C_LANGUAGE_STANDARD = gnu99;
				GCC_VERSION = com.apple.compilers.llvmgcc42;
				GCC_WARN_ABOUT_RETURN_TYPE = YES;
				GCC_WARN_UNUSED_VARIABLE = YES;
				IPHONEOS_DEPLOYMENT_TARGET = 4.3;
				OTHER_CFLAGS = "-DNS_BLOCK_ASSERTIONS=1";
				SDKROOT = iphoneos;
			};
			name = Release;
		};
		0BCDE26613B3E2F7008D4303 /* Debug */ = {
			isa = XCBuildConfiguration;
			buildSettings = {
				ALWAYS_SEARCH_USER_PATHS = NO;
				COPY_PHASE_STRIP = NO;
				GCC_DYNAMIC_NO_PIC = NO;
				GCC_PRECOMPILE_PREFIX_HEADER = YES;
				GCC_PREFIX_HEADER = "testrun2/testrun2-Prefix.pch";
				INFOPLIST_FILE = "testrun2/testrun2-Info.plist";
				PRODUCT_NAME = "$(TARGET_NAME)";
				WRAPPER_EXTENSION = app;
			};
			name = Debug;
		};
		0BCDE26713B3E2F7008D4303 /* Release */ = {
			isa = XCBuildConfiguration;
			buildSettings = {
				ALWAYS_SEARCH_USER_PATHS = NO;
				COPY_PHASE_STRIP = YES;
				GCC_PRECOMPILE_PREFIX_HEADER = YES;
				GCC_PREFIX_HEADER = "testrun2/testrun2-Prefix.pch";
				INFOPLIST_FILE = "testrun2/testrun2-Info.plist";
				PRODUCT_NAME = "$(TARGET_NAME)";
				VALIDATE_PRODUCT = YES;
				WRAPPER_EXTENSION = app;
			};
			name = Release;
		};
/* End XCBuildConfiguration section */

/* Begin XCConfigurationList section */
		0BCDE23813B3E2F6008D4303 /* Build configuration list for PBXProject "testrun2" */ = {
			isa = XCConfigurationList;
			buildConfigurations = (
				0BCDE26313B3E2F7008D4303 /* Debug */,
				0BCDE26413B3E2F7008D4303 /* Release */,
			);
			defaultConfigurationIsVisible = 0;
			defaultConfigurationName = Release;
		};
		0BCDE26513B3E2F7008D4303 /* Build configuration list for PBXNativeTarget "testrun2" */ = {
			isa = XCConfigurationList;
			buildConfigurations = (
				0BCDE26613B3E2F7008D4303 /* Debug */,
				0BCDE26713B3E2F7008D4303 /* Release */,
			);
			defaultConfigurationIsVisible = 0;
		};
/* End XCConfigurationList section */
	};
	rootObject = 0BCDE23513B3E2F6008D4303 /* Project object */;
}
